
Microsoft Visual Studio Solution File, Format Version 12.00
# Visual Studio Version 16
VisualStudioVersion = 16.0.28803.352
MinimumVisualStudioVersion = 10.0.40219.1
Project("{9A19103F-16F7-4668-BE54-9A1E7A4F7556}") = "WebAPI_Cicklum", "WebAPI_Cicklum\WebAPI_Cicklum.csproj", "{3452FEDB-8F42-4CB9-9E04-0DCFB30A762C}"
EndProject
Project("{FAE04EC0-301F-11D3-BF4B-00C04F79EFBC}") = "BusinessModels", "BusinessModels\BusinessModels.csproj", "{453756F0-F869-42DB-B9A4-0EC8E06014C0}"
EndProject
Project("{FAE04EC0-301F-11D3-BF4B-00C04F79EFBC}") = "Repository", "Repository\Repository.csproj", "{FC9EED8B-699D-48B5-B59D-8BB0A35C0DFC}"
EndProject
Project("{FAE04EC0-301F-11D3-BF4B-00C04F79EFBC}") = "DataRepo.Tests", "DataRepo.Tests\DataRepo.Tests.csproj", "{36A1C0C1-5E3D-43F1-BF68-DA7A3449E025}"
EndProject
Global
	GlobalSection(SolutionConfigurationPlatforms) = preSolution
		Debug|Any CPU = Debug|Any CPU
		Release|Any CPU = Release|Any CPU
	EndGlobalSection
	GlobalSection(ProjectConfigurationPlatforms) = postSolution
		{3452FEDB-8F42-4CB9-9E04-0DCFB30A762C}.Debug|Any CPU.ActiveCfg = Debug|Any CPU
		{3452FEDB-8F42-4CB9-9E04-0DCFB30A762C}.Debug|Any CPU.Build.0 = Debug|Any CPU
		{3452FEDB-8F42-4CB9-9E04-0DCFB30A762C}.Release|Any CPU.ActiveCfg = Release|Any CPU
		{3452FEDB-8F42-4CB9-9E04-0DCFB30A762C}.Release|Any CPU.Build.0 = Release|Any CPU
		{453756F0-F869-42DB-B9A4-0EC8E06014C0}.Debug|Any CPU.ActiveCfg = Debug|Any CPU
		{453756F0-F869-42DB-B9A4-0EC8E06014C0}.Debug|Any CPU.Build.0 = Debug|Any CPU
		{453756F0-F869-42DB-B9A4-0EC8E06014C0}.Release|Any CPU.ActiveCfg = Release|Any CPU
		{453756F0-F869-42DB-B9A4-0EC8E06014C0}.Release|Any CPU.Build.0 = Release|Any CPU
		{FC9EED8B-699D-48B5-B59D-8BB0A35C0DFC}.Debug|Any CPU.ActiveCfg = Debug|Any CPU
		{FC9EED8B-699D-48B5-B59D-8BB0A35C0DFC}.Debug|Any CPU.Build.0 = Debug|Any CPU
		{FC9EED8B-699D-48B5-B59D-8BB0A35C0DFC}.Release|Any CPU.ActiveCfg = Release|Any CPU
		{FC9EED8B-699D-48B5-B59D-8BB0A35C0DFC}.Release|Any CPU.Build.0 = Release|Any CPU
		{36A1C0C1-5E3D-43F1-BF68-DA7A3449E025}.Debug|Any CPU.ActiveCfg = Debug|Any CPU
		{36A1C0C1-5E3D-43F1-BF68-DA7A3449E025}.Debug|Any CPU.Build.0 = Debug|Any CPU
		{36A1C0C1-5E3D-43F1-BF68-DA7A3449E025}.Release|Any CPU.ActiveCfg = Release|Any CPU
		{36A1C0C1-5E3D-43F1-BF68-DA7A3449E025}.Release|Any CPU.Build.0 = Release|Any CPU
	EndGlobalSection
	GlobalSection(SolutionProperties) = preSolution
		HideSolutionNode = FALSE
	EndGlobalSection
	GlobalSection(ExtensibilityGlobals) = postSolution
		SolutionGuid = {62307D7C-84CB-48CC-B1C2-D2252E13AEAB}
	EndGlobalSection
EndGlobal
